
Microsoft Visual Studio Solution File, Format Version 12.00
# Visual Studio Version 17
VisualStudioVersion = 17.1.32210.238
MinimumVisualStudioVersion = 10.0.40219.1
Project("{FAE04EC0-301F-11D3-BF4B-00C04F79EFBC}") = "WebAPI", "WebAPI\WebAPI.csproj", "{B8E6CDD1-A3EF-47E0-B02D-9EDA4DD29FEF}"
EndProject
Project("{FAE04EC0-301F-11D3-BF4B-00C04F79EFBC}") = "Data", "Data\Data.csproj", "{C09837BD-C9E2-4E71-9248-2012AEBB15AE}"
EndProject
Project("{FAE04EC0-301F-11D3-BF4B-00C04F79EFBC}") = "Business", "Business\Business.csproj", "{1EC5CA75-9ECA-4948-8F19-FAAE5D8239A8}"
EndProject
Project("{FAE04EC0-301F-11D3-BF4B-00C04F79EFBC}") = "Entity", "Entity\Entity.csproj", "{2A5642C5-CF25-41EA-846E-5EDF5EC2F79F}"
EndProject
Global
	GlobalSection(SolutionConfigurationPlatforms) = preSolution
		Debug|Any CPU = Debug|Any CPU
		Release|Any CPU = Release|Any CPU
	EndGlobalSection
	GlobalSection(ProjectConfigurationPlatforms) = postSolution
		{B8E6CDD1-A3EF-47E0-B02D-9EDA4DD29FEF}.Debug|Any CPU.ActiveCfg = Debug|Any CPU
		{B8E6CDD1-A3EF-47E0-B02D-9EDA4DD29FEF}.Debug|Any CPU.Build.0 = Debug|Any CPU
		{B8E6CDD1-A3EF-47E0-B02D-9EDA4DD29FEF}.Release|Any CPU.ActiveCfg = Release|Any CPU
		{B8E6CDD1-A3EF-47E0-B02D-9EDA4DD29FEF}.Release|Any CPU.Build.0 = Release|Any CPU
		{C09837BD-C9E2-4E71-9248-2012AEBB15AE}.Debug|Any CPU.ActiveCfg = Debug|Any CPU
		{C09837BD-C9E2-4E71-9248-2012AEBB15AE}.Debug|Any CPU.Build.0 = Debug|Any CPU
		{C09837BD-C9E2-4E71-9248-2012AEBB15AE}.Release|Any CPU.ActiveCfg = Release|Any CPU
		{C09837BD-C9E2-4E71-9248-2012AEBB15AE}.Release|Any CPU.Build.0 = Release|Any CPU
		{1EC5CA75-9ECA-4948-8F19-FAAE5D8239A8}.Debug|Any CPU.ActiveCfg = Debug|Any CPU
		{1EC5CA75-9ECA-4948-8F19-FAAE5D8239A8}.Debug|Any CPU.Build.0 = Debug|Any CPU
		{1EC5CA75-9ECA-4948-8F19-FAAE5D8239A8}.Release|Any CPU.ActiveCfg = Release|Any CPU
		{1EC5CA75-9ECA-4948-8F19-FAAE5D8239A8}.Release|Any CPU.Build.0 = Release|Any CPU
		{2A5642C5-CF25-41EA-846E-5EDF5EC2F79F}.Debug|Any CPU.ActiveCfg = Debug|Any CPU
		{2A5642C5-CF25-41EA-846E-5EDF5EC2F79F}.Debug|Any CPU.Build.0 = Debug|Any CPU
		{2A5642C5-CF25-41EA-846E-5EDF5EC2F79F}.Release|Any CPU.ActiveCfg = Release|Any CPU
		{2A5642C5-CF25-41EA-846E-5EDF5EC2F79F}.Release|Any CPU.Build.0 = Release|Any CPU
	EndGlobalSection
	GlobalSection(SolutionProperties) = preSolution
		HideSolutionNode = FALSE
	EndGlobalSection
	GlobalSection(ExtensibilityGlobals) = postSolution
		SolutionGuid = {A6F3D626-F17B-4B3E-9EEF-4BE4C4BEA099}
	EndGlobalSection
EndGlobal
